
Microsoft Visual Studio Solution File, Format Version 12.00
# Visual Studio Version 17
VisualStudioVersion = 17.7.34031.279
MinimumVisualStudioVersion = 10.0.40219.1
Project("{FAE04EC0-301F-11D3-BF4B-00C04F79EFBC}") = "AppleStoreTupinikim", "AppleStoreTupinikim\AppleStoreTupinikim.csproj", "{AC9E7207-1706-476F-8CE6-DC5F9F8834A9}"
EndProject
Global
	GlobalSection(SolutionConfigurationPlatforms) = preSolution
		Debug|Any CPU = Debug|Any CPU
		Release|Any CPU = Release|Any CPU
	EndGlobalSection
	GlobalSection(ProjectConfigurationPlatforms) = postSolution
		{AC9E7207-1706-476F-8CE6-DC5F9F8834A9}.Debug|Any CPU.ActiveCfg = Debug|Any CPU
		{AC9E7207-1706-476F-8CE6-DC5F9F8834A9}.Debug|Any CPU.Build.0 = Debug|Any CPU
		{AC9E7207-1706-476F-8CE6-DC5F9F8834A9}.Release|Any CPU.ActiveCfg = Release|Any CPU
		{AC9E7207-1706-476F-8CE6-DC5F9F8834A9}.Release|Any CPU.Build.0 = Release|Any CPU
	EndGlobalSection
	GlobalSection(SolutionProperties) = preSolution
		HideSolutionNode = FALSE
	EndGlobalSection
	GlobalSection(ExtensibilityGlobals) = postSolution
		SolutionGuid = {3B23CD60-86AF-4A11-866D-B870A3236CAE}
	EndGlobalSection
EndGlobal
